
Microsoft Visual Studio Solution File, Format Version 12.00
# Visual Studio Version 16
VisualStudioVersion = 16.0.31727.386
MinimumVisualStudioVersion = 10.0.40219.1
Project("{FAE04EC0-301F-11D3-BF4B-00C04F79EFBC}") = "arrayList", "arrayList\arrayList.csproj", "{83E86630-1F75-4C18-8847-08DE19EB76CF}"
EndProject
Project("{FAE04EC0-301F-11D3-BF4B-00C04F79EFBC}") = "bitArray", "bitArray\bitArray.csproj", "{73A58FFE-222B-4F2D-B7DE-303744CDE990}"
EndProject
Global
	GlobalSection(SolutionConfigurationPlatforms) = preSolution
		Debug|Any CPU = Debug|Any CPU
		Release|Any CPU = Release|Any CPU
	EndGlobalSection
	GlobalSection(ProjectConfigurationPlatforms) = postSolution
		{83E86630-1F75-4C18-8847-08DE19EB76CF}.Debug|Any CPU.ActiveCfg = Debug|Any CPU
		{83E86630-1F75-4C18-8847-08DE19EB76CF}.Debug|Any CPU.Build.0 = Debug|Any CPU
		{83E86630-1F75-4C18-8847-08DE19EB76CF}.Release|Any CPU.ActiveCfg = Release|Any CPU
		{83E86630-1F75-4C18-8847-08DE19EB76CF}.Release|Any CPU.Build.0 = Release|Any CPU
		{73A58FFE-222B-4F2D-B7DE-303744CDE990}.Debug|Any CPU.ActiveCfg = Debug|Any CPU
		{73A58FFE-222B-4F2D-B7DE-303744CDE990}.Debug|Any CPU.Build.0 = Debug|Any CPU
		{73A58FFE-222B-4F2D-B7DE-303744CDE990}.Release|Any CPU.ActiveCfg = Release|Any CPU
		{73A58FFE-222B-4F2D-B7DE-303744CDE990}.Release|Any CPU.Build.0 = Release|Any CPU
	EndGlobalSection
	GlobalSection(SolutionProperties) = preSolution
		HideSolutionNode = FALSE
	EndGlobalSection
	GlobalSection(ExtensibilityGlobals) = postSolution
		SolutionGuid = {69825FA2-879E-4AA1-964B-1BF6AC3CF95B}
	EndGlobalSection
EndGlobal
